Microsoft Visual Studio Solution File, Format Version 8.00
Project("{FAE04EC0-301F-11D3-BF4B-00C04F79EFBC}") = "RegReplace", "RegReplace.csproj", "{21D39223-376E-458B-BD00-B891CC396B49}"
	ProjectSection(ProjectDependencies) = postProject
	EndProjectSection
EndProject
Global
	GlobalSection(SolutionConfiguration) = preSolution
		Debug = Debug
		Release = Release
	EndGlobalSection
	GlobalSection(ProjectConfiguration) = postSolution
		{21D39223-376E-458B-BD00-B891CC396B49}.Debug.ActiveCfg = Debug|.NET
		{21D39223-376E-458B-BD00-B891CC396B49}.Debug.Build.0 = Debug|.NET
		{21D39223-376E-458B-BD00-B891CC396B49}.Release.ActiveCfg = Release|.NET
		{21D39223-376E-458B-BD00-B891CC396B49}.Release.Build.0 = Release|.NET
	EndGlobalSection
	GlobalSection(ExtensibilityGlobals) = postSolution
	EndGlobalSection
	GlobalSection(ExtensibilityAddIns) = postSolution
	EndGlobalSection
EndGlobal
